
Microsoft Visual Studio Solution File, Format Version 12.00
# Visual Studio Version 16
VisualStudioVersion = 25.0.1706.3
MinimumVisualStudioVersion = 10.0.40219.1
Project("{FAE04EC0-301F-11D3-BF4B-00C04F79EFBC}") = "HomeWorkMehmetDogan", "HomeWorkMehmetDogan\HomeWorkMehmetDogan.csproj", "{04301947-565B-4BEE-A35F-26FC4D9109DA}"
EndProject
Project("{FAE04EC0-301F-11D3-BF4B-00C04F79EFBC}") = "NorthwindModel", "NorthwindModel\NorthwindModel.csproj", "{4E4054C5-A6EF-4369-B995-360219B8884D}"
EndProject
Global
	GlobalSection(SolutionConfigurationPlatforms) = preSolution
		Debug|Any CPU = Debug|Any CPU
		Release|Any CPU = Release|Any CPU
	EndGlobalSection
	GlobalSection(ProjectConfigurationPlatforms) = postSolution
		{04301947-565B-4BEE-A35F-26FC4D9109DA}.Debug|Any CPU.ActiveCfg = Debug|Any CPU
		{04301947-565B-4BEE-A35F-26FC4D9109DA}.Debug|Any CPU.Build.0 = Debug|Any CPU
		{04301947-565B-4BEE-A35F-26FC4D9109DA}.Release|Any CPU.ActiveCfg = Release|Any CPU
		{04301947-565B-4BEE-A35F-26FC4D9109DA}.Release|Any CPU.Build.0 = Release|Any CPU
		{4E4054C5-A6EF-4369-B995-360219B8884D}.Debug|Any CPU.ActiveCfg = Debug|Any CPU
		{4E4054C5-A6EF-4369-B995-360219B8884D}.Debug|Any CPU.Build.0 = Debug|Any CPU
		{4E4054C5-A6EF-4369-B995-360219B8884D}.Release|Any CPU.ActiveCfg = Release|Any CPU
		{4E4054C5-A6EF-4369-B995-360219B8884D}.Release|Any CPU.Build.0 = Release|Any CPU
	EndGlobalSection
	GlobalSection(SolutionProperties) = preSolution
		HideSolutionNode = FALSE
	EndGlobalSection
	GlobalSection(ExtensibilityGlobals) = postSolution
		SolutionGuid = {0E1E6B80-67CF-4A1D-A748-E839C0080D63}
	EndGlobalSection
EndGlobal
